
Microsoft Visual Studio Solution File, Format Version 10.00
# Visual Studio 2008
Project("{FAE04EC0-301F-11D3-BF4B-00C04F79EFBC}") = "Spreadsheet", "Spreadsheet\Spreadsheet.csproj", "{7D7B213D-21F8-4C16-BF7B-BD96CE41294F}"
EndProject
Project("{FAE04EC0-301F-11D3-BF4B-00C04F79EFBC}") = "Spreadsheet.Web", "Spreadsheet.Web\Spreadsheet.Web.csproj", "{748E4796-8664-4DD0-AF66-438629FEAD04}"
EndProject
Global
	GlobalSection(SolutionConfigurationPlatforms) = preSolution
		Debug|Any CPU = Debug|Any CPU
		Release|Any CPU = Release|Any CPU
	EndGlobalSection
	GlobalSection(ProjectConfigurationPlatforms) = postSolution
		{7D7B213D-21F8-4C16-BF7B-BD96CE41294F}.Debug|Any CPU.ActiveCfg = Debug|Any CPU
		{7D7B213D-21F8-4C16-BF7B-BD96CE41294F}.Debug|Any CPU.Build.0 = Debug|Any CPU
		{7D7B213D-21F8-4C16-BF7B-BD96CE41294F}.Release|Any CPU.ActiveCfg = Release|Any CPU
		{7D7B213D-21F8-4C16-BF7B-BD96CE41294F}.Release|Any CPU.Build.0 = Release|Any CPU
		{748E4796-8664-4DD0-AF66-438629FEAD04}.Debug|Any CPU.ActiveCfg = Debug|Any CPU
		{748E4796-8664-4DD0-AF66-438629FEAD04}.Debug|Any CPU.Build.0 = Debug|Any CPU
		{748E4796-8664-4DD0-AF66-438629FEAD04}.Release|Any CPU.ActiveCfg = Release|Any CPU
		{748E4796-8664-4DD0-AF66-438629FEAD04}.Release|Any CPU.Build.0 = Release|Any CPU
	EndGlobalSection
	GlobalSection(SolutionProperties) = preSolution
		HideSolutionNode = FALSE
	EndGlobalSection
EndGlobal
